
Microsoft Visual Studio Solution File, Format Version 11.00
# Visual Studio 2010
Project("{FAE04EC0-301F-11D3-BF4B-00C04F79EFBC}") = "SemVerParser.Net40", "SemVerParser\SemVerParser.Net40.csproj", "{AE222838-13A6-46A8-A411-3F848617432C}"
EndProject
Project("{FAE04EC0-301F-11D3-BF4B-00C04F79EFBC}") = "SemVerParser.Test", "SemVerParser.Test\SemVerParser.Test.csproj", "{F364D759-CFCC-47EA-8418-1F7521A6111C}"
EndProject
Project("{2150E333-8FDC-42A3-9474-1A3956D46DE8}") = "Solution Items", "Solution Items", "{B28A3A56-DBF1-43E3-BCE6-EBB236CE3811}"
	ProjectSection(SolutionItems) = preProject
		NOTICE.md = NOTICE.md
		README.md = README.md
	EndProjectSection
EndProject
Project("{FAE04EC0-301F-11D3-BF4B-00C04F79EFBC}") = "SemVerParser.Net20", "SemVerParser\SemVerParser.Net20.csproj", "{9345CE5F-FEE3-4195-88DB-2DCA21428986}"
EndProject
Global
	GlobalSection(SolutionConfigurationPlatforms) = preSolution
		Debug|Any CPU = Debug|Any CPU
		Release|Any CPU = Release|Any CPU
	EndGlobalSection
	GlobalSection(ProjectConfigurationPlatforms) = postSolution
		{AE222838-13A6-46A8-A411-3F848617432C}.Debug|Any CPU.ActiveCfg = Debug|Any CPU
		{AE222838-13A6-46A8-A411-3F848617432C}.Debug|Any CPU.Build.0 = Debug|Any CPU
		{AE222838-13A6-46A8-A411-3F848617432C}.Release|Any CPU.ActiveCfg = Release|Any CPU
		{AE222838-13A6-46A8-A411-3F848617432C}.Release|Any CPU.Build.0 = Release|Any CPU
		{F364D759-CFCC-47EA-8418-1F7521A6111C}.Debug|Any CPU.ActiveCfg = Debug|Any CPU
		{F364D759-CFCC-47EA-8418-1F7521A6111C}.Debug|Any CPU.Build.0 = Debug|Any CPU
		{F364D759-CFCC-47EA-8418-1F7521A6111C}.Release|Any CPU.ActiveCfg = Release|Any CPU
		{F364D759-CFCC-47EA-8418-1F7521A6111C}.Release|Any CPU.Build.0 = Release|Any CPU
		{9345CE5F-FEE3-4195-88DB-2DCA21428986}.Debug|Any CPU.ActiveCfg = Debug|Any CPU
		{9345CE5F-FEE3-4195-88DB-2DCA21428986}.Debug|Any CPU.Build.0 = Debug|Any CPU
		{9345CE5F-FEE3-4195-88DB-2DCA21428986}.Release|Any CPU.ActiveCfg = Release|Any CPU
		{9345CE5F-FEE3-4195-88DB-2DCA21428986}.Release|Any CPU.Build.0 = Release|Any CPU
	EndGlobalSection
	GlobalSection(SolutionProperties) = preSolution
		HideSolutionNode = FALSE
	EndGlobalSection
EndGlobal
